// !$*UTF8*$!
{
	archiveVersion = 1;
	classes = {
	};
	objectVersion = 46;
	objects = {

/* Begin PBXBuildFile section */
		381D273D1955FC9400409FFD /* EditViewController.swift in Sources */ = {isa = PBXBuildFile; fileRef = 381D273C1955FC9400409FFD /* EditViewController.swift */; };
		38F5B4DE1954C03E00028CD2 /* AppDelegate.swift in Sources */ = {isa = PBXBuildFile; fileRef = 38F5B4DD1954C03E00028CD2 /* AppDelegate.swift */; };
		38F5B4E01954C03E00028CD2 /* ViewController.swift in Sources */ = {isa = PBXBuildFile; fileRef = 38F5B4DF1954C03E00028CD2 /* ViewController.swift */; };
		38F5B4E31954C03E00028CD2 /* Main.storyboard in Resources */ = {isa = PBXBuildFile; fileRef = 38F5B4E11954C03E00028CD2 /* Main.storyboard */; };
		38F5B4E51954C03E00028CD2 /* Images.xcassets in Resources */ = {isa = PBXBuildFile; fileRef = 38F5B4E41954C03E00028CD2 /* Images.xcassets */; };
		38F5B4F11954C03E00028CD2 /* CRUDTests.swift in Sources */ = {isa = PBXBuildFile; fileRef = 38F5B4F01954C03E00028CD2 /* CRUDTests.swift */; };
		38F5B4FE1954C23400028CD2 /* Book.swift in Sources */ = {isa = PBXBuildFile; fileRef = 38F5B4FD1954C23400028CD2 /* Book.swift */; };
/* End PBXBuildFile section */

/* Begin PBXContainerItemProxy section */
		38F5B4EB1954C03E00028CD2 /* PBXContainerItemProxy */ = {
			isa = PBXContainerItemProxy;
			containerPortal = 38F5B4D01954C03E00028CD2 /* Project object */;
			proxyType = 1;
			remoteGlobalIDString = 38F5B4D71954C03E00028CD2;
			remoteInfo = CRUD;
		};
/* End PBXContainerItemProxy section */

/* Begin PBXFileReference section */
		381D273C1955FC9400409FFD /* EditViewController.swift */ = {isa = PBXFileReference; fileEncoding = 4; lastKnownFileType = sourcecode.swift; path = EditViewController.swift; sourceTree = "<group>"; };
		38F5B4D81954C03E00028CD2 /* CRUD.app */ = {isa = PBXFileReference; explicitFileType = wrapper.application; includeInIndex = 0; path = CRUD.app; sourceTree = BUILT_PRODUCTS_DIR; };
		38F5B4DC1954C03E00028CD2 /* Info.plist */ = {isa = PBXFileReference; lastKnownFileType = text.plist.xml; path = Info.plist; sourceTree = "<group>"; };
		38F5B4DD1954C03E00028CD2 /* AppDelegate.swift */ = {isa = PBXFileReference; lastKnownFileType = sourcecode.swift; path = AppDelegate.swift; sourceTree = "<group>"; };
		38F5B4DF1954C03E00028CD2 /* ViewController.swift */ = {isa = PBXFileReference; lastKnownFileType = sourcecode.swift; path = ViewController.swift; sourceTree = "<group>"; };
		38F5B4E21954C03E00028CD2 /* Base */ = {isa = PBXFileReference; lastKnownFileType = file.storyboard; name = Base; path = Base.lproj/Main.storyboard; sourceTree = "<group>"; };
		38F5B4E41954C03E00028CD2 /* Images.xcassets */ = {isa = PBXFileReference; lastKnownFileType = folder.assetcatalog; path = Images.xcassets; sourceTree = "<group>"; };
		38F5B4EA1954C03E00028CD2 /* CRUDTests.xctest */ = {isa = PBXFileReference; explicitFileType = wrapper.cfbundle; includeInIndex = 0; path = CRUDTests.xctest; sourceTree = BUILT_PRODUCTS_DIR; };
		38F5B4EF1954C03E00028CD2 /* Info.plist */ = {isa = PBXFileReference; lastKnownFileType = text.plist.xml; path = Info.plist; sourceTree = "<group>"; };
		38F5B4F01954C03E00028CD2 /* CRUDTests.swift */ = {isa = PBXFileReference; lastKnownFileType = sourcecode.swift; path = CRUDTests.swift; sourceTree = "<group>"; };
		38F5B4FD1954C23400028CD2 /* Book.swift */ = {isa = PBXFileReference; fileEncoding = 4; lastKnownFileType = sourcecode.swift; path = Book.swift; sourceTree = "<group>"; };
/* End PBXFileReference section */

/* Begin PBXFrameworksBuildPhase section */
		38F5B4D51954C03E00028CD2 /* Frameworks */ = {
			isa = PBXFrameworksBuildPhase;
			buildActionMask = 2147483647;
			files = (
			);
			runOnlyForDeploymentPostprocessing = 0;
		};
		38F5B4E71954C03E00028CD2 /* Frameworks */ = {
			isa = PBXFrameworksBuildPhase;
			buildActionMask = 2147483647;
			files = (
			);
			runOnlyForDeploymentPostprocessing = 0;
		};
/* End PBXFrameworksBuildPhase section */

/* Begin PBXGroup section */
		38F5B4CF1954C03E00028CD2 = {
			isa = PBXGroup;
			children = (
				38F5B4DA1954C03E00028CD2 /* CRUD */,
				38F5B4ED1954C03E00028CD2 /* CRUDTests */,
				38F5B4D91954C03E00028CD2 /* Products */,
			);
			sourceTree = "<group>";
		};
		38F5B4D91954C03E00028CD2 /* Products */ = {
			isa = PBXGroup;
			children = (
				38F5B4D81954C03E00028CD2 /* CRUD.app */,
				38F5B4EA1954C03E00028CD2 /* CRUDTests.xctest */,
			);
			name = Products;
			sourceTree = "<group>";
		};
		38F5B4DA1954C03E00028CD2 /* CRUD */ = {
			isa = PBXGroup;
			children = (
				38F5B4DD1954C03E00028CD2 /* AppDelegate.swift */,
				38F5B4FC1954C0DD00028CD2 /* Model */,
				38F5B4FB1954C0D700028CD2 /* Controller */,
				38F5B4FA1954C05C00028CD2 /* View */,
				38F5B4E41954C03E00028CD2 /* Images.xcassets */,
				38F5B4DB1954C03E00028CD2 /* Supporting Files */,
			);
			path = CRUD;
			sourceTree = "<group>";
		};
		38F5B4DB1954C03E00028CD2 /* Supporting Files */ = {
			isa = PBXGroup;
			children = (
				38F5B4DC1954C03E00028CD2 /* Info.plist */,
			);
			name = "Supporting Files";
			sourceTree = "<group>";
		};
		38F5B4ED1954C03E00028CD2 /* CRUDTests */ = {
			isa = PBXGroup;
			children = (
				38F5B4F01954C03E00028CD2 /* CRUDTests.swift */,
				38F5B4EE1954C03E00028CD2 /* Supporting Files */,
			);
			path = CRUDTests;
			sourceTree = "<group>";
		};
		38F5B4EE1954C03E00028CD2 /* Supporting Files */ = {
			isa = PBXGroup;
			children = (
				38F5B4EF1954C03E00028CD2 /* Info.plist */,
			);
			name = "Supporting Files";
			sourceTree = "<group>";
		};
		38F5B4FA1954C05C00028CD2 /* View */ = {
			isa = PBXGroup;
			children = (
				38F5B4E11954C03E00028CD2 /* Main.storyboard */,
			);
			name = View;
			sourceTree = "<group>";
		};
		38F5B4FB1954C0D700028CD2 /* Controller */ = {
			isa = PBXGroup;
			children = (
				38F5B4DF1954C03E00028CD2 /* ViewController.swift */,
				381D273C1955FC9400409FFD /* EditViewController.swift */,
			);
			name = Controller;
			sourceTree = "<group>";
		};
		38F5B4FC1954C0DD00028CD2 /* Model */ = {
			isa = PBXGroup;
			children = (
				38F5B4FD1954C23400028CD2 /* Book.swift */,
			);
			name = Model;
			sourceTree = "<group>";
		};
/* End PBXGroup section */

/* Begin PBXNativeTarget section */
		38F5B4D71954C03E00028CD2 /* CRUD */ = {
			isa = PBXNativeTarget;
			buildConfigurationList = 38F5B4F41954C03E00028CD2 /* Build configuration list for PBXNativeTarget "CRUD" */;
			buildPhases = (
				38F5B4D41954C03E00028CD2 /* Sources */,
				38F5B4D51954C03E00028CD2 /* Frameworks */,
				38F5B4D61954C03E00028CD2 /* Resources */,
			);
			buildRules = (
			);
			dependencies = (
			);
			name = CRUD;
			productName = CRUD;
			productReference = 38F5B4D81954C03E00028CD2 /* CRUD.app */;
			productType = "com.apple.product-type.application";
		};
		38F5B4E91954C03E00028CD2 /* CRUDTests */ = {
			isa = PBXNativeTarget;
			buildConfigurationList = 38F5B4F71954C03E00028CD2 /* Build configuration list for PBXNativeTarget "CRUDTests" */;
			buildPhases = (
				38F5B4E61954C03E00028CD2 /* Sources */,
				38F5B4E71954C03E00028CD2 /* Frameworks */,
				38F5B4E81954C03E00028CD2 /* Resources */,
			);
			buildRules = (
			);
			dependencies = (
				38F5B4EC1954C03E00028CD2 /* PBXTargetDependency */,
			);
			name = CRUDTests;
			productName = CRUDTests;
			productReference = 38F5B4EA1954C03E00028CD2 /* CRUDTests.xctest */;
			productType = "com.apple.product-type.bundle.unit-test";
		};
/* End PBXNativeTarget section */

/* Begin PBXProject section */
		38F5B4D01954C03E00028CD2 /* Project object */ = {
			isa = PBXProject;
			attributes = {
				LastUpgradeCheck = 0600;
				ORGANIZATIONNAME = "Leonardo Lee";
				TargetAttributes = {
					38F5B4D71954C03E00028CD2 = {
						CreatedOnToolsVersion = 6.0;
					};
					38F5B4E91954C03E00028CD2 = {
						CreatedOnToolsVersion = 6.0;
						TestTargetID = 38F5B4D71954C03E00028CD2;
					};
				};
			};
			buildConfigurationList = 38F5B4D31954C03E00028CD2 /* Build configuration list for PBXProject "CRUD" */;
			compatibilityVersion = "Xcode 3.2";
			developmentRegion = English;
			hasScannedForEncodings = 0;
			knownRegions = (
				en,
				Base,
			);
			mainGroup = 38F5B4CF1954C03E00028CD2;
			productRefGroup = 38F5B4D91954C03E00028CD2 /* Products */;
			projectDirPath = "";
			projectRoot = "";
			targets = (
				38F5B4D71954C03E00028CD2 /* CRUD */,
				38F5B4E91954C03E00028CD2 /* CRUDTests */,
			);
		};
/* End PBXProject section */

/* Begin PBXResourcesBuildPhase section */
		38F5B4D61954C03E00028CD2 /* Resources */ = {
			isa = PBXResourcesBuildPhase;
			buildActionMask = 2147483647;
			files = (
				38F5B4E31954C03E00028CD2 /* Main.storyboard in Resources */,
				38F5B4E51954C03E00028CD2 /* Images.xcassets in Resources */,
			);
			runOnlyForDeploymentPostprocessing = 0;
		};
		38F5B4E81954C03E00028CD2 /* Resources */ = {
			isa = PBXResourcesBuildPhase;
			buildActionMask = 2147483647;
			files = (
			);
			runOnlyForDeploymentPostprocessing = 0;
		};
/* End PBXResourcesBuildPhase section */

/* Begin PBXSourcesBuildPhase section */
		38F5B4D41954C03E00028CD2 /* Sources */ = {
			isa = PBXSourcesBuildPhase;
			buildActionMask = 2147483647;
			files = (
				381D273D1955FC9400409FFD /* EditViewController.swift in Sources */,
				38F5B4E01954C03E00028CD2 /* ViewController.swift in Sources */,
				38F5B4DE1954C03E00028CD2 /* AppDelegate.swift in Sources */,
				38F5B4FE1954C23400028CD2 /* Book.swift in Sources */,
			);
			runOnlyForDeploymentPostprocessing = 0;
		};
		38F5B4E61954C03E00028CD2 /* Sources */ = {
			isa = PBXSourcesBuildPhase;
			buildActionMask = 2147483647;
			files = (
				38F5B4F11954C03E00028CD2 /* CRUDTests.swift in Sources */,
			);
			runOnlyForDeploymentPostprocessing = 0;
		};
/* End PBXSourcesBuildPhase section */

/* Begin PBXTargetDependency section */
		38F5B4EC1954C03E00028CD2 /* PBXTargetDependency */ = {
			isa = PBXTargetDependency;
			target = 38F5B4D71954C03E00028CD2 /* CRUD */;
			targetProxy = 38F5B4EB1954C03E00028CD2 /* PBXContainerItemProxy */;
		};
/* End PBXTargetDependency section */

/* Begin PBXVariantGroup section */
		38F5B4E11954C03E00028CD2 /* Main.storyboard */ = {
			isa = PBXVariantGroup;
			children = (
				38F5B4E21954C03E00028CD2 /* Base */,
			);
			name = Main.storyboard;
			sourceTree = "<group>";
		};
/* End PBXVariantGroup section */

/* Begin XCBuildConfiguration section */
		38F5B4F21954C03E00028CD2 /* Debug */ = {
			isa = XCBuildConfiguration;
			buildSettings = {
				ALWAYS_SEARCH_USER_PATHS = NO;
				CLANG_CXX_LANGUAGE_STANDARD = "gnu++0x";
				CLANG_CXX_LIBRARY = "libc++";
				CLANG_ENABLE_MODULES = YES;
				CLANG_ENABLE_OBJC_ARC = YES;
				CLANG_WARN_BOOL_CONVERSION = YES;
				CLANG_WARN_CONSTANT_CONVERSION = YES;
				CLANG_WARN_DIRECT_OBJC_ISA_USAGE = YES_ERROR;
				CLANG_WARN_EMPTY_BODY = YES;
				CLANG_WARN_ENUM_CONVERSION = YES;
				CLANG_WARN_INT_CONVERSION = YES;
				CLANG_WARN_OBJC_ROOT_CLASS = YES_ERROR;
				CLANG_WARN_UNREACHABLE_CODE = YES;
				CLANG_WARN__DUPLICATE_METHOD_MATCH = YES;
				"CODE_SIGN_IDENTITY[sdk=iphoneos*]" = "iPhone Developer";
				COPY_PHASE_STRIP = NO;
				ENABLE_STRICT_OBJC_MSGSEND = YES;
				GCC_C_LANGUAGE_STANDARD = gnu99;
				GCC_DYNAMIC_NO_PIC = NO;
				GCC_OPTIMIZATION_LEVEL = 0;
				GCC_PREPROCESSOR_DEFINITIONS = (
					"DEBUG=1",
					"$(inherited)",
				);
				GCC_SYMBOLS_PRIVATE_EXTERN = NO;
				GCC_WARN_64_TO_32_BIT_CONVERSION = YES;
				GCC_WARN_ABOUT_RETURN_TYPE = YES_ERROR;
				GCC_WARN_UNDECLARED_SELECTOR = YES;
				GCC_WARN_UNINITIALIZED_AUTOS = YES_AGGRESSIVE;
				GCC_WARN_UNUSED_FUNCTION = YES;
				GCC_WARN_UNUSED_VARIABLE = YES;
				IPHONEOS_DEPLOYMENT_TARGET = 8.0;
				METAL_ENABLE_DEBUG_INFO = YES;
				ONLY_ACTIVE_ARCH = YES;
				SDKROOT = iphoneos;
				SWIFT_OPTIMIZATION_LEVEL = "-Onone";
			};
			name = Debug;
		};
		38F5B4F31954C03E00028CD2 /* Release */ = {
			isa = XCBuildConfiguration;
			buildSettings = {
				ALWAYS_SEARCH_USER_PATHS = NO;
				CLANG_CXX_LANGUAGE_STANDARD = "gnu++0x";
				CLANG_CXX_LIBRARY = "libc++";
				CLANG_ENABLE_MODULES = YES;
				CLANG_ENABLE_OBJC_ARC = YES;
				CLANG_WARN_BOOL_CONVERSION = YES;
				CLANG_WARN_CONSTANT_CONVERSION = YES;
				CLANG_WARN_DIRECT_OBJC_ISA_USAGE = YES_ERROR;
				CLANG_WARN_EMPTY_BODY = YES;
				CLANG_WARN_ENUM_CONVERSION = YES;
				CLANG_WARN_INT_CONVERSION = YES;
				CLANG_WARN_OBJC_ROOT_CLASS = YES_ERROR;
				CLANG_WARN_UNREACHABLE_CODE = YES;
				CLANG_WARN__DUPLICATE_METHOD_MATCH = YES;
				"CODE_SIGN_IDENTITY[sdk=iphoneos*]" = "iPhone Developer";
				COPY_PHASE_STRIP = YES;
				ENABLE_NS_ASSERTIONS = NO;
				ENABLE_STRICT_OBJC_MSGSEND = YES;
				GCC_C_LANGUAGE_STANDARD = gnu99;
				GCC_WARN_64_TO_32_BIT_CONVERSION = YES;
				GCC_WARN_ABOUT_RETURN_TYPE = YES_ERROR;
				GCC_WARN_UNDECLARED_SELECTOR = YES;
				GCC_WARN_UNINITIALIZED_AUTOS = YES_AGGRESSIVE;
				GCC_WARN_UNUSED_FUNCTION = YES;
				GCC_WARN_UNUSED_VARIABLE = YES;
				IPHONEOS_DEPLOYMENT_TARGET = 8.0;
				METAL_ENABLE_DEBUG_INFO = NO;
				SDKROOT = iphoneos;
				VALIDATE_PRODUCT = YES;
			};
			name = Release;
		};
		38F5B4F51954C03E00028CD2 /* Debug */ = {
			isa = XCBuildConfiguration;
			buildSettings = {
				ASSETCATALOG_COMPILER_APPICON_NAME = AppIcon;
				ASSETCATALOG_COMPILER_LAUNCHIMAGE_NAME = LaunchImage;
				INFOPLIST_FILE = CRUD/Info.plist;
				LD_RUNPATH_SEARCH_PATHS = "$(inherited) @executable_path/Frameworks";
				PRODUCT_NAME = "$(TARGET_NAME)";
			};
			name = Debug;
		};
		38F5B4F61954C03E00028CD2 /* Release */ = {
			isa = XCBuildConfiguration;
			buildSettings = {
				ASSETCATALOG_COMPILER_APPICON_NAME = AppIcon;
				ASSETCATALOG_COMPILER_LAUNCHIMAGE_NAME = LaunchImage;
				INFOPLIST_FILE = CRUD/Info.plist;
				LD_RUNPATH_SEARCH_PATHS = "$(inherited) @executable_path/Frameworks";
				PRODUCT_NAME = "$(TARGET_NAME)";
			};
			name = Release;
		};
		38F5B4F81954C03E00028CD2 /* Debug */ = {
			isa = XCBuildConfiguration;
			buildSettings = {
				BUNDLE_LOADER = "$(BUILT_PRODUCTS_DIR)/CRUD.app/CRUD";
				FRAMEWORK_SEARCH_PATHS = (
					"$(SDKROOT)/Developer/Library/Frameworks",
					"$(inherited)",
				);
				GCC_PREPROCESSOR_DEFINITIONS = (
					"DEBUG=1",
					"$(inherited)",
				);
				INFOPLIST_FILE = CRUDTests/Info.plist;
				LD_RUNPATH_SEARCH_PATHS = "$(inherited) @executable_path/Frameworks @loader_path/Frameworks";
				METAL_ENABLE_DEBUG_INFO = YES;
				PRODUCT_NAME = "$(TARGET_NAME)";
				TEST_HOST = "$(BUNDLE_LOADER)";
			};
			name = Debug;
		};
		38F5B4F91954C03E00028CD2 /* Release */ = {
			isa = XCBuildConfiguration;
			buildSettings = {
				BUNDLE_LOADER = "$(BUILT_PRODUCTS_DIR)/CRUD.app/CRUD";
				FRAMEWORK_SEARCH_PATHS = (
					"$(SDKROOT)/Developer/Library/Frameworks",
					"$(inherited)",
				);
				INFOPLIST_FILE = CRUDTests/Info.plist;
				LD_RUNPATH_SEARCH_PATHS = "$(inherited) @executable_path/Frameworks @loader_path/Frameworks";
				METAL_ENABLE_DEBUG_INFO = NO;
				PRODUCT_NAME = "$(TARGET_NAME)";
				TEST_HOST = "$(BUNDLE_LOADER)";
			};
			name = Release;
		};
/* End XCBuildConfiguration section */

/* Begin XCConfigurationList section */
		38F5B4D31954C03E00028CD2 /* Build configuration list for PBXProject "CRUD" */ = {
			isa = XCConfigurationList;
			buildConfigurations = (
				38F5B4F21954C03E00028CD2 /* Debug */,
				38F5B4F31954C03E00028CD2 /* Release */,
			);
			defaultConfigurationIsVisible = 0;
			defaultConfigurationName = Release;
		};
		38F5B4F41954C03E00028CD2 /* Build configuration list for PBXNativeTarget "CRUD" */ = {
			isa = XCConfigurationList;
			buildConfigurations = (
				38F5B4F51954C03E00028CD2 /* Debug */,
				38F5B4F61954C03E00028CD2 /* Release */,
			);
			defaultConfigurationIsVisible = 0;
			defaultConfigurationName = Release;
		};
		38F5B4F71954C03E00028CD2 /* Build configuration list for PBXNativeTarget "CRUDTests" */ = {
			isa = XCConfigurationList;
			buildConfigurations = (
				38F5B4F81954C03E00028CD2 /* Debug */,
				38F5B4F91954C03E00028CD2 /* Release */,
			);
			defaultConfigurationIsVisible = 0;
			defaultConfigurationName = Release;
		};
/* End XCConfigurationList section */
	};
	rootObject = 38F5B4D01954C03E00028CD2 /* Project object */;
}
